
Microsoft Visual Studio Solution File, Format Version 12.00
# Visual Studio Version 17
VisualStudioVersion = 17.11.35312.102
MinimumVisualStudioVersion = 10.0.40219.1
Project("{FAE04EC0-301F-11D3-BF4B-00C04F79EFBC}") = "Inheritence", "Inheritence\Inheritence.csproj", "{491C0C00-9063-4853-8916-DBEF7EE65FC9}"
EndProject
Global
	GlobalSection(SolutionConfigurationPlatforms) = preSolution
		Debug|Any CPU = Debug|Any CPU
		Release|Any CPU = Release|Any CPU
	EndGlobalSection
	GlobalSection(ProjectConfigurationPlatforms) = postSolution
		{491C0C00-9063-4853-8916-DBEF7EE65FC9}.Debug|Any CPU.ActiveCfg = Debug|Any CPU
		{491C0C00-9063-4853-8916-DBEF7EE65FC9}.Debug|Any CPU.Build.0 = Debug|Any CPU
		{491C0C00-9063-4853-8916-DBEF7EE65FC9}.Release|Any CPU.ActiveCfg = Release|Any CPU
		{491C0C00-9063-4853-8916-DBEF7EE65FC9}.Release|Any CPU.Build.0 = Release|Any CPU
	EndGlobalSection
	GlobalSection(SolutionProperties) = preSolution
		HideSolutionNode = FALSE
	EndGlobalSection
	GlobalSection(ExtensibilityGlobals) = postSolution
		SolutionGuid = {BB9749DE-A3E9-4EFE-927D-F8BE32CE44E1}
	EndGlobalSection
EndGlobal
